{
  "R": {
    "Version": "4.1.2",
    "Repositories": [
      {
        "Name": "CRAN",
        "URL": "https://packagemanager.rstudio.com/all/latest"
      }
    ]
  },
  "Packages": {
    "R6": {
      "Package": "R6",
      "Version": "2.5.1",
      "Source": "Repository",
      "Repository": "RSPM",
      "Hash": "470851b6d5d0ac559e9d01bb352b4021"
    },
    "Rcpp": {
      "Package": "Rcpp",
      "Version": "1.0.7",
      "Source": "Repository",
      "Repository": "RSPM",
      "Hash": "dab19adae4440ae55aa8a9d238b246bb"
    },
    "askpass": {
      "Package": "askpass",
      "Version": "1.1",
      "Source": "Repository",
      "Repository": "RSPM",
      "Hash": "e8a22846fff485f0be3770c2da758713"
    },
    "cachem": {
      "Package": "cachem",
      "Version": "1.0.6",
      "Source": "Repository",
      "Repository": "RSPM",
      "Hash": "648c5b3d71e6a37e3043617489a0a0e9"
    },
    "curl": {
      "Package": "curl",
      "Version": "4.3.2",
      "Source": "Repository",
      "Repository": "RSPM",
      "Hash": "022c42d49c28e95d69ca60446dbabf88"
    },
    "fastmap": {
      "Package": "fastmap",
      "Version": "1.1.0",
      "Source": "Repository",
      "Repository": "RSPM",
      "Hash": "77bd60a6157420d4ffa93b27cf6a58b8"
    },
    "geosphere": {
      "Package": "geosphere",
      "Version": "1.5-14",
      "Source": "Repository",
      "Repository": "RSPM",
      "Hash": "1ce6e028f3d056dad1ea9c3c0a5444bf"
    },
    "httr": {
      "Package": "httr",
      "Version": "1.4.2",
      "Source": "Repository",
      "Repository": "RSPM",
      "Hash": "a525aba14184fec243f9eaec62fbed43"
    },
    "jsonlite": {
      "Package": "jsonlite",
      "Version": "1.7.2",
      "Source": "Repository",
      "Repository": "RSPM",
      "Hash": "98138e0994d41508c7a6b84a0600cfcb"
    },
    "lattice": {
      "Package": "lattice",
      "Version": "0.20-45",
      "Source": "Repository",
      "Repository": "CRAN",
      "Hash": "b64cdbb2b340437c4ee047a1f4c4377b"
    },
    "memoise": {
      "Package": "memoise",
      "Version": "2.0.0",
      "Source": "Repository",
      "Repository": "RSPM",
      "Hash": "a0bc51650201a56d00a4798523cc91b3"
    },
    "mime": {
      "Package": "mime",
      "Version": "0.12",
      "Source": "Repository",
      "Repository": "RSPM",
      "Hash": "18e9c28c1d3ca1560ce30658b22ce104"
    },
    "move": {
      "Package": "move",
      "Version": "4.0.6",
      "Source": "Repository",
      "Repository": "RSPM",
      "Hash": "162b892539518244350c963a38d6ab21"
    },
    "openssl": {
      "Package": "openssl",
      "Version": "1.4.5",
      "Source": "Repository",
      "Repository": "RSPM",
      "Hash": "5406fd37ef0bf9b88c8a4f264d6ec220"
    },
    "raster": {
      "Package": "raster",
      "Version": "3.5-2",
      "Source": "Repository",
      "Repository": "RSPM",
      "Hash": "c5df27b2de56767e7cfbc74a962ef61c"
    },
    "remotes": {
      "Package": "remotes",
      "Version": "2.4.1",
      "Source": "Repository",
      "Repository": "CRAN",
      "Hash": "feaca31e417db79fd1832e25b51a7717"
    },
    "renv": {
      "Package": "renv",
      "Version": "0.14.0-46",
      "Source": "GitHub",
      "RemoteType": "github",
      "RemoteHost": "api.github.com",
      "RemoteRepo": "renv",
      "RemoteUsername": "rstudio",
      "RemoteRef": "HEAD",
      "RemoteSha": "78612cff6dd90b9e418f44af269893bc3a7cd2d8",
      "Hash": "d51e300d6b78669bc99c84337374c10e"
    },
    "rgdal": {
      "Package": "rgdal",
      "Version": "1.5-27",
      "Source": "Repository",
      "Repository": "RSPM",
      "Hash": "ab3f3a61eb777b62c1bc0d341fd1f990"
    },
    "rlang": {
      "Package": "rlang",
      "Version": "0.4.12",
      "Source": "Repository",
      "Repository": "RSPM",
      "Hash": "0879f5388fe6e4d56d7ef0b7ccb031e5"
    },
    "sp": {
      "Package": "sp",
      "Version": "1.4-6",
      "Source": "Repository",
      "Repository": "RSPM",
      "Hash": "ce8613f4e8c84ef4da9eba65b874ebe9"
    },
    "sys": {
      "Package": "sys",
      "Version": "3.4",
      "Source": "Repository",
      "Repository": "RSPM",
      "Hash": "b227d13e29222b4574486cfcbde077fa"
    },
    "terra": {
      "Package": "terra",
      "Version": "1.4-19",
      "Source": "Repository",
      "Repository": "RSPM",
      "Hash": "c436d089c6d23833a9d2482ea6f35af7"
    },
    "xml2": {
      "Package": "xml2",
      "Version": "1.3.2",
      "Source": "Repository",
      "Repository": "RSPM",
      "Hash": "d4d71a75dd3ea9eb5fa28cc21f9585e2"
    }
  }
}
